{
  "requires": true,
  "lockfileVersion": 1,
  "dependencies": {
    "pinyin-separate": {
      "version": "1.0.7",
      "resolved": "https://registry.npmjs.org/pinyin-separate/-/pinyin-separate-1.0.7.tgz",
      "integrity": "sha512-1HVfaD6YeIO97O1XYQnnirZfH2p28cIi+sXjmVbFgsCfZ/aWh0bQ7g7b2hWPf6gcccK7v0OD4Fq/ZzXMbGnHzA=="
    }
  }
}
